// !$*UTF8*$!
{
	archiveVersion = 1;
	classes = {
	};
	objectVersion = 50;
	objects = {

/* Begin PBXBuildFile section */
		5715B8D3224CE83A0064FA3A /* MainViewController.m in Sources */ = {isa = PBXBuildFile; fileRef = 5715B8D2224CE83A0064FA3A /* MainViewController.m */; };
		5715B8D6224CE9BC0064FA3A /* PlaceViewController.m in Sources */ = {isa = PBXBuildFile; fileRef = 5715B8D5224CE9BC0064FA3A /* PlaceViewController.m */; };
		5715B8DE224CEBA50064FA3A /* airports.json in Resources */ = {isa = PBXBuildFile; fileRef = 5715B8DB224CEBA50064FA3A /* airports.json */; };
		5715B8DF224CEBA50064FA3A /* cities.json in Resources */ = {isa = PBXBuildFile; fileRef = 5715B8DC224CEBA50064FA3A /* cities.json */; };
		5715B8E0224CEBA50064FA3A /* countries.json in Resources */ = {isa = PBXBuildFile; fileRef = 5715B8DD224CEBA50064FA3A /* countries.json */; };
		5715B8E5224CEEB90064FA3A /* Ticket.m in Sources */ = {isa = PBXBuildFile; fileRef = 5715B8E4224CEEB90064FA3A /* Ticket.m */; };
		5715B8E9224CF1B60064FA3A /* TicketTableViewCell.m in Sources */ = {isa = PBXBuildFile; fileRef = 5715B8E8224CF1B60064FA3A /* TicketTableViewCell.m */; };
		5715B8ED224CF2030064FA3A /* TicketsTableViewController.m in Sources */ = {isa = PBXBuildFile; fileRef = 5715B8EC224CF2030064FA3A /* TicketsTableViewController.m */; };
		5771304E223EA92A00FB9806 /* AppDelegate.m in Sources */ = {isa = PBXBuildFile; fileRef = 5771304D223EA92A00FB9806 /* AppDelegate.m */; };
		57713056223EA92B00FB9806 /* Assets.xcassets in Resources */ = {isa = PBXBuildFile; fileRef = 57713055223EA92B00FB9806 /* Assets.xcassets */; };
		57713059223EA92B00FB9806 /* LaunchScreen.storyboard in Resources */ = {isa = PBXBuildFile; fileRef = 57713057223EA92B00FB9806 /* LaunchScreen.storyboard */; };
		5771305C223EA92B00FB9806 /* main.m in Sources */ = {isa = PBXBuildFile; fileRef = 5771305B223EA92B00FB9806 /* main.m */; };
		57F47D60224CE11F004653C9 /* APIManager.m in Sources */ = {isa = PBXBuildFile; fileRef = 57F47D5F224CE11F004653C9 /* APIManager.m */; };
		57F47D65224CE1A0004653C9 /* Airport.m in Sources */ = {isa = PBXBuildFile; fileRef = 57F47D64224CE1A0004653C9 /* Airport.m */; };
		57F47D68224CE1E3004653C9 /* Country.m in Sources */ = {isa = PBXBuildFile; fileRef = 57F47D67224CE1E3004653C9 /* Country.m */; };
		57F47D6B224CE1EC004653C9 /* City.m in Sources */ = {isa = PBXBuildFile; fileRef = 57F47D6A224CE1EC004653C9 /* City.m */; };
		57F47D6E224CE23F004653C9 /* DataManager.m in Sources */ = {isa = PBXBuildFile; fileRef = 57F47D6D224CE23F004653C9 /* DataManager.m */; };
		57F84F2C225238EE0047FCFD /* LocationService.m in Sources */ = {isa = PBXBuildFile; fileRef = 57F84F2B225238EE0047FCFD /* LocationService.m */; };
		57F84F3022523AA00047FCFD /* MapPrice.m in Sources */ = {isa = PBXBuildFile; fileRef = 57F84F2F22523AA00047FCFD /* MapPrice.m */; };
		57F84F3922523D170047FCFD /* MapViewController.m in Sources */ = {isa = PBXBuildFile; fileRef = 57F84F3822523D170047FCFD /* MapViewController.m */; };
		57F84F4022529F860047FCFD /* SearchCollectionViewCell.m in Sources */ = {isa = PBXBuildFile; fileRef = 57F84F3F22529F860047FCFD /* SearchCollectionViewCell.m */; };
		57F84F432252D44F0047FCFD /* TabBarViewController.m in Sources */ = {isa = PBXBuildFile; fileRef = 57F84F422252D44F0047FCFD /* TabBarViewController.m */; };
		A5E242518E486B08B78B16B9 /* libPods-Air Tickets.a in Frameworks */ = {isa = PBXBuildFile; fileRef = 9A4169EA067D8C569A09DC9C /* libPods-Air Tickets.a */; };
/* End PBXBuildFile section */

/* Begin PBXFileReference section */
		4597CE88B0E7E6209B2F7859 /* Pods-Air Tickets.release.xcconfig */ = {isa = PBXFileReference; includeInIndex = 1; lastKnownFileType = text.xcconfig; name = "Pods-Air Tickets.release.xcconfig"; path = "Target Support Files/Pods-Air Tickets/Pods-Air Tickets.release.xcconfig"; sourceTree = "<group>"; };
		503BA6A369D1DBF6684EAD10 /* Pods-Air Tickets.debug.xcconfig */ = {isa = PBXFileReference; includeInIndex = 1; lastKnownFileType = text.xcconfig; name = "Pods-Air Tickets.debug.xcconfig"; path = "Target Support Files/Pods-Air Tickets/Pods-Air Tickets.debug.xcconfig"; sourceTree = "<group>"; };
		5715B8D1224CE83A0064FA3A /* MainViewController.h */ = {isa = PBXFileReference; lastKnownFileType = sourcecode.c.h; path = MainViewController.h; sourceTree = "<group>"; };
		5715B8D2224CE83A0064FA3A /* MainViewController.m */ = {isa = PBXFileReference; lastKnownFileType = sourcecode.c.objc; path = MainViewController.m; sourceTree = "<group>"; };
		5715B8D4224CE9BC0064FA3A /* PlaceViewController.h */ = {isa = PBXFileReference; lastKnownFileType = sourcecode.c.h; path = PlaceViewController.h; sourceTree = "<group>"; };
		5715B8D5224CE9BC0064FA3A /* PlaceViewController.m */ = {isa = PBXFileReference; lastKnownFileType = sourcecode.c.objc; path = PlaceViewController.m; sourceTree = "<group>"; };
		5715B8D7224CEA100064FA3A /* SearchRequest.h */ = {isa = PBXFileReference; lastKnownFileType = sourcecode.c.h; path = SearchRequest.h; sourceTree = "<group>"; };
		5715B8DB224CEBA50064FA3A /* airports.json */ = {isa = PBXFileReference; fileEncoding = 4; lastKnownFileType = text.json; path = airports.json; sourceTree = "<group>"; };
		5715B8DC224CEBA50064FA3A /* cities.json */ = {isa = PBXFileReference; fileEncoding = 4; lastKnownFileType = text.json; path = cities.json; sourceTree = "<group>"; };
		5715B8DD224CEBA50064FA3A /* countries.json */ = {isa = PBXFileReference; fileEncoding = 4; lastKnownFileType = text.json; path = countries.json; sourceTree = "<group>"; };
		5715B8E3224CEEB90064FA3A /* Ticket.h */ = {isa = PBXFileReference; lastKnownFileType = sourcecode.c.h; path = Ticket.h; sourceTree = "<group>"; };
		5715B8E4224CEEB90064FA3A /* Ticket.m */ = {isa = PBXFileReference; lastKnownFileType = sourcecode.c.objc; path = Ticket.m; sourceTree = "<group>"; };
		5715B8E7224CF1B60064FA3A /* TicketTableViewCell.h */ = {isa = PBXFileReference; lastKnownFileType = sourcecode.c.h; path = TicketTableViewCell.h; sourceTree = "<group>"; };
		5715B8E8224CF1B60064FA3A /* TicketTableViewCell.m */ = {isa = PBXFileReference; lastKnownFileType = sourcecode.c.objc; path = TicketTableViewCell.m; sourceTree = "<group>"; };
		5715B8EB224CF2030064FA3A /* TicketsTableViewController.h */ = {isa = PBXFileReference; lastKnownFileType = sourcecode.c.h; path = TicketsTableViewController.h; sourceTree = "<group>"; };
		5715B8EC224CF2030064FA3A /* TicketsTableViewController.m */ = {isa = PBXFileReference; lastKnownFileType = sourcecode.c.objc; path = TicketsTableViewController.m; sourceTree = "<group>"; };
		57713049223EA92900FB9806 /* Air Tickets.app */ = {isa = PBXFileReference; explicitFileType = wrapper.application; includeInIndex = 0; path = "Air Tickets.app"; sourceTree = BUILT_PRODUCTS_DIR; };
		5771304C223EA92A00FB9806 /* AppDelegate.h */ = {isa = PBXFileReference; lastKnownFileType = sourcecode.c.h; path = AppDelegate.h; sourceTree = "<group>"; };
		5771304D223EA92A00FB9806 /* AppDelegate.m */ = {isa = PBXFileReference; lastKnownFileType = sourcecode.c.objc; path = AppDelegate.m; sourceTree = "<group>"; };
		57713055223EA92B00FB9806 /* Assets.xcassets */ = {isa = PBXFileReference; lastKnownFileType = folder.assetcatalog; path = Assets.xcassets; sourceTree = "<group>"; };
		57713058223EA92B00FB9806 /* Base */ = {isa = PBXFileReference; lastKnownFileType = file.storyboard; name = Base; path = Base.lproj/LaunchScreen.storyboard; sourceTree = "<group>"; };
		5771305A223EA92B00FB9806 /* Info.plist */ = {isa = PBXFileReference; lastKnownFileType = text.plist.xml; path = Info.plist; sourceTree = "<group>"; };
		5771305B223EA92B00FB9806 /* main.m */ = {isa = PBXFileReference; lastKnownFileType = sourcecode.c.objc; path = main.m; sourceTree = "<group>"; };
		57F47D5E224CE11F004653C9 /* APIManager.h */ = {isa = PBXFileReference; lastKnownFileType = sourcecode.c.h; path = APIManager.h; sourceTree = "<group>"; };
		57F47D5F224CE11F004653C9 /* APIManager.m */ = {isa = PBXFileReference; lastKnownFileType = sourcecode.c.objc; path = APIManager.m; sourceTree = "<group>"; };
		57F47D63224CE1A0004653C9 /* Airport.h */ = {isa = PBXFileReference; lastKnownFileType = sourcecode.c.h; path = Airport.h; sourceTree = "<group>"; };
		57F47D64224CE1A0004653C9 /* Airport.m */ = {isa = PBXFileReference; lastKnownFileType = sourcecode.c.objc; path = Airport.m; sourceTree = "<group>"; };
		57F47D66224CE1E3004653C9 /* Country.h */ = {isa = PBXFileReference; lastKnownFileType = sourcecode.c.h; path = Country.h; sourceTree = "<group>"; };
		57F47D67224CE1E3004653C9 /* Country.m */ = {isa = PBXFileReference; lastKnownFileType = sourcecode.c.objc; path = Country.m; sourceTree = "<group>"; };
		57F47D69224CE1EC004653C9 /* City.h */ = {isa = PBXFileReference; lastKnownFileType = sourcecode.c.h; path = City.h; sourceTree = "<group>"; };
		57F47D6A224CE1EC004653C9 /* City.m */ = {isa = PBXFileReference; lastKnownFileType = sourcecode.c.objc; path = City.m; sourceTree = "<group>"; };
		57F47D6C224CE23F004653C9 /* DataManager.h */ = {isa = PBXFileReference; lastKnownFileType = sourcecode.c.h; path = DataManager.h; sourceTree = "<group>"; };
		57F47D6D224CE23F004653C9 /* DataManager.m */ = {isa = PBXFileReference; lastKnownFileType = sourcecode.c.objc; path = DataManager.m; sourceTree = "<group>"; };
		57F84F2A225238EE0047FCFD /* LocationService.h */ = {isa = PBXFileReference; lastKnownFileType = sourcecode.c.h; path = LocationService.h; sourceTree = "<group>"; };
		57F84F2B225238EE0047FCFD /* LocationService.m */ = {isa = PBXFileReference; lastKnownFileType = sourcecode.c.objc; path = LocationService.m; sourceTree = "<group>"; };
		57F84F2E22523AA00047FCFD /* MapPrice.h */ = {isa = PBXFileReference; lastKnownFileType = sourcecode.c.h; path = MapPrice.h; sourceTree = "<group>"; };
		57F84F2F22523AA00047FCFD /* MapPrice.m */ = {isa = PBXFileReference; lastKnownFileType = sourcecode.c.objc; path = MapPrice.m; sourceTree = "<group>"; };
		57F84F3722523D170047FCFD /* MapViewController.h */ = {isa = PBXFileReference; lastKnownFileType = sourcecode.c.h; path = MapViewController.h; sourceTree = "<group>"; };
		57F84F3822523D170047FCFD /* MapViewController.m */ = {isa = PBXFileReference; lastKnownFileType = sourcecode.c.objc; path = MapViewController.m; sourceTree = "<group>"; };
		57F84F3A225250F10047FCFD /* DataSourceType.h */ = {isa = PBXFileReference; lastKnownFileType = sourcecode.c.h; path = DataSourceType.h; sourceTree = "<group>"; };
		57F84F3E22529F860047FCFD /* SearchCollectionViewCell.h */ = {isa = PBXFileReference; lastKnownFileType = sourcecode.c.h; path = SearchCollectionViewCell.h; sourceTree = "<group>"; };
		57F84F3F22529F860047FCFD /* SearchCollectionViewCell.m */ = {isa = PBXFileReference; lastKnownFileType = sourcecode.c.objc; path = SearchCollectionViewCell.m; sourceTree = "<group>"; };
		57F84F412252D44F0047FCFD /* TabBarViewController.h */ = {isa = PBXFileReference; lastKnownFileType = sourcecode.c.h; path = TabBarViewController.h; sourceTree = "<group>"; };
		57F84F422252D44F0047FCFD /* TabBarViewController.m */ = {isa = PBXFileReference; lastKnownFileType = sourcecode.c.objc; path = TabBarViewController.m; sourceTree = "<group>"; };
		9A4169EA067D8C569A09DC9C /* libPods-Air Tickets.a */ = {isa = PBXFileReference; explicitFileType = archive.ar; includeInIndex = 0; path = "libPods-Air Tickets.a"; sourceTree = BUILT_PRODUCTS_DIR; };
/* End PBXFileReference section */

/* Begin PBXFrameworksBuildPhase section */
		57713046223EA92900FB9806 /* Frameworks */ = {
			isa = PBXFrameworksBuildPhase;
			buildActionMask = 2147483647;
			files = (
				A5E242518E486B08B78B16B9 /* libPods-Air Tickets.a in Frameworks */,
			);
			runOnlyForDeploymentPostprocessing = 0;
		};
/* End PBXFrameworksBuildPhase section */

/* Begin PBXGroup section */
		50C09FAC0493ABE039AD2D0E /* Pods */ = {
			isa = PBXGroup;
			children = (
				503BA6A369D1DBF6684EAD10 /* Pods-Air Tickets.debug.xcconfig */,
				4597CE88B0E7E6209B2F7859 /* Pods-Air Tickets.release.xcconfig */,
			);
			path = Pods;
			sourceTree = "<group>";
		};
		5715B8DA224CEB810064FA3A /* JSONs */ = {
			isa = PBXGroup;
			children = (
				5715B8DB224CEBA50064FA3A /* airports.json */,
				5715B8DC224CEBA50064FA3A /* cities.json */,
				5715B8DD224CEBA50064FA3A /* countries.json */,
			);
			path = JSONs;
			sourceTree = "<group>";
		};
		57713040223EA92900FB9806 = {
			isa = PBXGroup;
			children = (
				5771304B223EA92900FB9806 /* Air Tickets */,
				5771304A223EA92900FB9806 /* Products */,
				50C09FAC0493ABE039AD2D0E /* Pods */,
				5F6E013727A17EA574763144 /* Frameworks */,
			);
			sourceTree = "<group>";
		};
		5771304A223EA92900FB9806 /* Products */ = {
			isa = PBXGroup;
			children = (
				57713049223EA92900FB9806 /* Air Tickets.app */,
			);
			name = Products;
			sourceTree = "<group>";
		};
		5771304B223EA92900FB9806 /* Air Tickets */ = {
			isa = PBXGroup;
			children = (
				57F84F29225238CE0047FCFD /* LocationService */,
				57F47D61224CE166004653C9 /* DataManager */,
				57F47D5D224CE109004653C9 /* APIManager */,
				57F47D62224CE18F004653C9 /* Models */,
				57F84F3522523C460047FCFD /* Controllers */,
				57F84F3622523C520047FCFD /* Cells */,
				57713062223EAA7300FB9806 /* Application */,
				57713055223EA92B00FB9806 /* Assets.xcassets */,
			);
			path = "Air Tickets";
			sourceTree = "<group>";
		};
		57713062223EAA7300FB9806 /* Application */ = {
			isa = PBXGroup;
			children = (
				5771304C223EA92A00FB9806 /* AppDelegate.h */,
				5771304D223EA92A00FB9806 /* AppDelegate.m */,
				57713057223EA92B00FB9806 /* LaunchScreen.storyboard */,
				5771305A223EA92B00FB9806 /* Info.plist */,
				5771305B223EA92B00FB9806 /* main.m */,
			);
			path = Application;
			sourceTree = "<group>";
		};
		57F47D5D224CE109004653C9 /* APIManager */ = {
			isa = PBXGroup;
			children = (
				57F47D5E224CE11F004653C9 /* APIManager.h */,
				57F47D5F224CE11F004653C9 /* APIManager.m */,
			);
			path = APIManager;
			sourceTree = "<group>";
		};
		57F47D61224CE166004653C9 /* DataManager */ = {
			isa = PBXGroup;
			children = (
				5715B8DA224CEB810064FA3A /* JSONs */,
				57F47D6C224CE23F004653C9 /* DataManager.h */,
				57F47D6D224CE23F004653C9 /* DataManager.m */,
				57F84F3A225250F10047FCFD /* DataSourceType.h */,
			);
			path = DataManager;
			sourceTree = "<group>";
		};
		57F47D62224CE18F004653C9 /* Models */ = {
			isa = PBXGroup;
			children = (
				57F84F2E22523AA00047FCFD /* MapPrice.h */,
				57F84F2F22523AA00047FCFD /* MapPrice.m */,
				57F47D63224CE1A0004653C9 /* Airport.h */,
				57F47D64224CE1A0004653C9 /* Airport.m */,
				57F47D66224CE1E3004653C9 /* Country.h */,
				57F47D67224CE1E3004653C9 /* Country.m */,
				57F47D69224CE1EC004653C9 /* City.h */,
				57F47D6A224CE1EC004653C9 /* City.m */,
				5715B8E3224CEEB90064FA3A /* Ticket.h */,
				5715B8E4224CEEB90064FA3A /* Ticket.m */,
				5715B8D7224CEA100064FA3A /* SearchRequest.h */,
			);
			path = Models;
			sourceTree = "<group>";
		};
		57F84F29225238CE0047FCFD /* LocationService */ = {
			isa = PBXGroup;
			children = (
				57F84F2A225238EE0047FCFD /* LocationService.h */,
				57F84F2B225238EE0047FCFD /* LocationService.m */,
			);
			path = LocationService;
			sourceTree = "<group>";
		};
		57F84F3522523C460047FCFD /* Controllers */ = {
			isa = PBXGroup;
			children = (
				5715B8D1224CE83A0064FA3A /* MainViewController.h */,
				5715B8D2224CE83A0064FA3A /* MainViewController.m */,
				5715B8D4224CE9BC0064FA3A /* PlaceViewController.h */,
				5715B8D5224CE9BC0064FA3A /* PlaceViewController.m */,
				5715B8EB224CF2030064FA3A /* TicketsTableViewController.h */,
				5715B8EC224CF2030064FA3A /* TicketsTableViewController.m */,
				57F84F412252D44F0047FCFD /* TabBarViewController.h */,
				57F84F422252D44F0047FCFD /* TabBarViewController.m */,
				57F84F3722523D170047FCFD /* MapViewController.h */,
				57F84F3822523D170047FCFD /* MapViewController.m */,
			);
			path = Controllers;
			sourceTree = "<group>";
		};
		57F84F3622523C520047FCFD /* Cells */ = {
			isa = PBXGroup;
			children = (
				5715B8E7224CF1B60064FA3A /* TicketTableViewCell.h */,
				5715B8E8224CF1B60064FA3A /* TicketTableViewCell.m */,
				57F84F3E22529F860047FCFD /* SearchCollectionViewCell.h */,
				57F84F3F22529F860047FCFD /* SearchCollectionViewCell.m */,
			);
			path = Cells;
			sourceTree = "<group>";
		};
		5F6E013727A17EA574763144 /* Frameworks */ = {
			isa = PBXGroup;
			children = (
				9A4169EA067D8C569A09DC9C /* libPods-Air Tickets.a */,
			);
			name = Frameworks;
			sourceTree = "<group>";
		};
/* End PBXGroup section */

/* Begin PBXNativeTarget section */
		57713048223EA92900FB9806 /* Air Tickets */ = {
			isa = PBXNativeTarget;
			buildConfigurationList = 5771305F223EA92B00FB9806 /* Build configuration list for PBXNativeTarget "Air Tickets" */;
			buildPhases = (
				D27D93714FE10747F8517044 /* [CP] Check Pods Manifest.lock */,
				57713045223EA92900FB9806 /* Sources */,
				57713046223EA92900FB9806 /* Frameworks */,
				57713047223EA92900FB9806 /* Resources */,
			);
			buildRules = (
			);
			dependencies = (
			);
			name = "Air Tickets";
			productName = "Air Tickets";
			productReference = 57713049223EA92900FB9806 /* Air Tickets.app */;
			productType = "com.apple.product-type.application";
		};
/* End PBXNativeTarget section */

/* Begin PBXProject section */
		57713041223EA92900FB9806 /* Project object */ = {
			isa = PBXProject;
			attributes = {
				LastUpgradeCheck = 1010;
				ORGANIZATIONNAME = "Artem Kufaev";
				TargetAttributes = {
					57713048223EA92900FB9806 = {
						CreatedOnToolsVersion = 10.1;
					};
				};
			};
			buildConfigurationList = 57713044223EA92900FB9806 /* Build configuration list for PBXProject "Air Tickets" */;
			compatibilityVersion = "Xcode 9.3";
			developmentRegion = en;
			hasScannedForEncodings = 0;
			knownRegions = (
				en,
				Base,
			);
			mainGroup = 57713040223EA92900FB9806;
			productRefGroup = 5771304A223EA92900FB9806 /* Products */;
			projectDirPath = "";
			projectRoot = "";
			targets = (
				57713048223EA92900FB9806 /* Air Tickets */,
			);
		};
/* End PBXProject section */

/* Begin PBXResourcesBuildPhase section */
		57713047223EA92900FB9806 /* Resources */ = {
			isa = PBXResourcesBuildPhase;
			buildActionMask = 2147483647;
			files = (
				5715B8DF224CEBA50064FA3A /* cities.json in Resources */,
				57713059223EA92B00FB9806 /* LaunchScreen.storyboard in Resources */,
				57713056223EA92B00FB9806 /* Assets.xcassets in Resources */,
				5715B8E0224CEBA50064FA3A /* countries.json in Resources */,
				5715B8DE224CEBA50064FA3A /* airports.json in Resources */,
			);
			runOnlyForDeploymentPostprocessing = 0;
		};
/* End PBXResourcesBuildPhase section */

/* Begin PBXShellScriptBuildPhase section */
		D27D93714FE10747F8517044 /* [CP] Check Pods Manifest.lock */ = {
			isa = PBXShellScriptBuildPhase;
			buildActionMask = 2147483647;
			files = (
			);
			inputFileListPaths = (
			);
			inputPaths = (
				"${PODS_PODFILE_DIR_PATH}/Podfile.lock",
				"${PODS_ROOT}/Manifest.lock",
			);
			name = "[CP] Check Pods Manifest.lock";
			outputFileListPaths = (
			);
			outputPaths = (
				"$(DERIVED_FILE_DIR)/Pods-Air Tickets-checkManifestLockResult.txt",
			);
			runOnlyForDeploymentPostprocessing = 0;
			shellPath = /bin/sh;
			shellScript = "diff \"${PODS_PODFILE_DIR_PATH}/Podfile.lock\" \"${PODS_ROOT}/Manifest.lock\" > /dev/null\nif [ $? != 0 ] ; then\n    # print error to STDERR\n    echo \"error: The sandbox is not in sync with the Podfile.lock. Run 'pod install' or update your CocoaPods installation.\" >&2\n    exit 1\nfi\n# This output is used by Xcode 'outputs' to avoid re-running this script phase.\necho \"SUCCESS\" > \"${SCRIPT_OUTPUT_FILE_0}\"\n";
			showEnvVarsInLog = 0;
		};
/* End PBXShellScriptBuildPhase section */

/* Begin PBXSourcesBuildPhase section */
		57713045223EA92900FB9806 /* Sources */ = {
			isa = PBXSourcesBuildPhase;
			buildActionMask = 2147483647;
			files = (
				57F47D6B224CE1EC004653C9 /* City.m in Sources */,
				5715B8D3224CE83A0064FA3A /* MainViewController.m in Sources */,
				57F84F432252D44F0047FCFD /* TabBarViewController.m in Sources */,
				57F84F4022529F860047FCFD /* SearchCollectionViewCell.m in Sources */,
				5715B8D6224CE9BC0064FA3A /* PlaceViewController.m in Sources */,
				5715B8E9224CF1B60064FA3A /* TicketTableViewCell.m in Sources */,
				5771305C223EA92B00FB9806 /* main.m in Sources */,
				57F47D60224CE11F004653C9 /* APIManager.m in Sources */,
				57F84F3022523AA00047FCFD /* MapPrice.m in Sources */,
				57F47D65224CE1A0004653C9 /* Airport.m in Sources */,
				57F84F2C225238EE0047FCFD /* LocationService.m in Sources */,
				5771304E223EA92A00FB9806 /* AppDelegate.m in Sources */,
				5715B8E5224CEEB90064FA3A /* Ticket.m in Sources */,
				5715B8ED224CF2030064FA3A /* TicketsTableViewController.m in Sources */,
				57F84F3922523D170047FCFD /* MapViewController.m in Sources */,
				57F47D68224CE1E3004653C9 /* Country.m in Sources */,
				57F47D6E224CE23F004653C9 /* DataManager.m in Sources */,
			);
			runOnlyForDeploymentPostprocessing = 0;
		};
/* End PBXSourcesBuildPhase section */

/* Begin PBXVariantGroup section */
		57713057223EA92B00FB9806 /* LaunchScreen.storyboard */ = {
			isa = PBXVariantGroup;
			children = (
				57713058223EA92B00FB9806 /* Base */,
			);
			name = LaunchScreen.storyboard;
			sourceTree = "<group>";
		};
/* End PBXVariantGroup section */

/* Begin XCBuildConfiguration section */
		5771305D223EA92B00FB9806 /* Debug */ = {
			isa = XCBuildConfiguration;
			buildSettings = {
				ALWAYS_SEARCH_USER_PATHS = NO;
				CLANG_ANALYZER_NONNULL = YES;
				CLANG_ANALYZER_NUMBER_OBJECT_CONVERSION = YES_AGGRESSIVE;
				CLANG_CXX_LANGUAGE_STANDARD = "gnu++14";
				CLANG_CXX_LIBRARY = "libc++";
				CLANG_ENABLE_MODULES = YES;
				CLANG_ENABLE_OBJC_ARC = YES;
				CLANG_ENABLE_OBJC_WEAK = YES;
				CLANG_WARN_BLOCK_CAPTURE_AUTORELEASING = YES;
				CLANG_WARN_BOOL_CONVERSION = YES;
				CLANG_WARN_COMMA = YES;
				CLANG_WARN_CONSTANT_CONVERSION = YES;
				CLANG_WARN_DEPRECATED_OBJC_IMPLEMENTATIONS = YES;
				CLANG_WARN_DIRECT_OBJC_ISA_USAGE = YES_ERROR;
				CLANG_WARN_DOCUMENTATION_COMMENTS = YES;
				CLANG_WARN_EMPTY_BODY = YES;
				CLANG_WARN_ENUM_CONVERSION = YES;
				CLANG_WARN_INFINITE_RECURSION = YES;
				CLANG_WARN_INT_CONVERSION = YES;
				CLANG_WARN_NON_LITERAL_NULL_CONVERSION = YES;
				CLANG_WARN_OBJC_IMPLICIT_RETAIN_SELF = YES;
				CLANG_WARN_OBJC_LITERAL_CONVERSION = YES;
				CLANG_WARN_OBJC_ROOT_CLASS = YES_ERROR;
				CLANG_WARN_RANGE_LOOP_ANALYSIS = YES;
				CLANG_WARN_STRICT_PROTOTYPES = YES;
				CLANG_WARN_SUSPICIOUS_MOVE = YES;
				CLANG_WARN_UNGUARDED_AVAILABILITY = YES_AGGRESSIVE;
				CLANG_WARN_UNREACHABLE_CODE = YES;
				CLANG_WARN__DUPLICATE_METHOD_MATCH = YES;
				CODE_SIGN_IDENTITY = "iPhone Developer";
				COPY_PHASE_STRIP = NO;
				DEBUG_INFORMATION_FORMAT = dwarf;
				ENABLE_STRICT_OBJC_MSGSEND = YES;
				ENABLE_TESTABILITY = YES;
				GCC_C_LANGUAGE_STANDARD = gnu11;
				GCC_DYNAMIC_NO_PIC = NO;
				GCC_NO_COMMON_BLOCKS = YES;
				GCC_OPTIMIZATION_LEVEL = 0;
				GCC_PREPROCESSOR_DEFINITIONS = (
					"DEBUG=1",
					"$(inherited)",
				);
				GCC_WARN_64_TO_32_BIT_CONVERSION = YES;
				GCC_WARN_ABOUT_RETURN_TYPE = YES_ERROR;
				GCC_WARN_UNDECLARED_SELECTOR = YES;
				GCC_WARN_UNINITIALIZED_AUTOS = YES_AGGRESSIVE;
				GCC_WARN_UNUSED_FUNCTION = YES;
				GCC_WARN_UNUSED_VARIABLE = YES;
				IPHONEOS_DEPLOYMENT_TARGET = 12.1;
				MTL_ENABLE_DEBUG_INFO = INCLUDE_SOURCE;
				MTL_FAST_MATH = YES;
				ONLY_ACTIVE_ARCH = YES;
				SDKROOT = iphoneos;
			};
			name = Debug;
		};
		5771305E223EA92B00FB9806 /* Release */ = {
			isa = XCBuildConfiguration;
			buildSettings = {
				ALWAYS_SEARCH_USER_PATHS = NO;
				CLANG_ANALYZER_NONNULL = YES;
				CLANG_ANALYZER_NUMBER_OBJECT_CONVERSION = YES_AGGRESSIVE;
				CLANG_CXX_LANGUAGE_STANDARD = "gnu++14";
				CLANG_CXX_LIBRARY = "libc++";
				CLANG_ENABLE_MODULES = YES;
				CLANG_ENABLE_OBJC_ARC = YES;
				CLANG_ENABLE_OBJC_WEAK = YES;
				CLANG_WARN_BLOCK_CAPTURE_AUTORELEASING = YES;
				CLANG_WARN_BOOL_CONVERSION = YES;
				CLANG_WARN_COMMA = YES;
				CLANG_WARN_CONSTANT_CONVERSION = YES;
				CLANG_WARN_DEPRECATED_OBJC_IMPLEMENTATIONS = YES;
				CLANG_WARN_DIRECT_OBJC_ISA_USAGE = YES_ERROR;
				CLANG_WARN_DOCUMENTATION_COMMENTS = YES;
				CLANG_WARN_EMPTY_BODY = YES;
				CLANG_WARN_ENUM_CONVERSION = YES;
				CLANG_WARN_INFINITE_RECURSION = YES;
				CLANG_WARN_INT_CONVERSION = YES;
				CLANG_WARN_NON_LITERAL_NULL_CONVERSION = YES;
				CLANG_WARN_OBJC_IMPLICIT_RETAIN_SELF = YES;
				CLANG_WARN_OBJC_LITERAL_CONVERSION = YES;
				CLANG_WARN_OBJC_ROOT_CLASS = YES_ERROR;
				CLANG_WARN_RANGE_LOOP_ANALYSIS = YES;
				CLANG_WARN_STRICT_PROTOTYPES = YES;
				CLANG_WARN_SUSPICIOUS_MOVE = YES;
				CLANG_WARN_UNGUARDED_AVAILABILITY = YES_AGGRESSIVE;
				CLANG_WARN_UNREACHABLE_CODE = YES;
				CLANG_WARN__DUPLICATE_METHOD_MATCH = YES;
				CODE_SIGN_IDENTITY = "iPhone Developer";
				COPY_PHASE_STRIP = NO;
				DEBUG_INFORMATION_FORMAT = "dwarf-with-dsym";
				ENABLE_NS_ASSERTIONS = NO;
				ENABLE_STRICT_OBJC_MSGSEND = YES;
				GCC_C_LANGUAGE_STANDARD = gnu11;
				GCC_NO_COMMON_BLOCKS = YES;
				GCC_WARN_64_TO_32_BIT_CONVERSION = YES;
				GCC_WARN_ABOUT_RETURN_TYPE = YES_ERROR;
				GCC_WARN_UNDECLARED_SELECTOR = YES;
				GCC_WARN_UNINITIALIZED_AUTOS = YES_AGGRESSIVE;
				GCC_WARN_UNUSED_FUNCTION = YES;
				GCC_WARN_UNUSED_VARIABLE = YES;
				IPHONEOS_DEPLOYMENT_TARGET = 12.1;
				MTL_ENABLE_DEBUG_INFO = NO;
				MTL_FAST_MATH = YES;
				SDKROOT = iphoneos;
				VALIDATE_PRODUCT = YES;
			};
			name = Release;
		};
		57713060223EA92B00FB9806 /* Debug */ = {
			isa = XCBuildConfiguration;
			baseConfigurationReference = 503BA6A369D1DBF6684EAD10 /* Pods-Air Tickets.debug.xcconfig */;
			buildSettings = {
				ASSETCATALOG_COMPILER_APPICON_NAME = AppIcon;
				CODE_SIGN_STYLE = Automatic;
				DEVELOPMENT_TEAM = YX6VKW92JQ;
				INFOPLIST_FILE = "Air Tickets/Application/Info.plist";
				LD_RUNPATH_SEARCH_PATHS = (
					"$(inherited)",
					"@executable_path/Frameworks",
				);
				PRODUCT_BUNDLE_IDENTIFIER = "artemkufaev.Air-Tickets";
				PRODUCT_NAME = "$(TARGET_NAME)";
				TARGETED_DEVICE_FAMILY = "1,2";
			};
			name = Debug;
		};
		57713061223EA92B00FB9806 /* Release */ = {
			isa = XCBuildConfiguration;
			baseConfigurationReference = 4597CE88B0E7E6209B2F7859 /* Pods-Air Tickets.release.xcconfig */;
			buildSettings = {
				ASSETCATALOG_COMPILER_APPICON_NAME = AppIcon;
				CODE_SIGN_STYLE = Automatic;
				DEVELOPMENT_TEAM = YX6VKW92JQ;
				INFOPLIST_FILE = "Air Tickets/Application/Info.plist";
				LD_RUNPATH_SEARCH_PATHS = (
					"$(inherited)",
					"@executable_path/Frameworks",
				);
				PRODUCT_BUNDLE_IDENTIFIER = "artemkufaev.Air-Tickets";
				PRODUCT_NAME = "$(TARGET_NAME)";
				TARGETED_DEVICE_FAMILY = "1,2";
			};
			name = Release;
		};
/* End XCBuildConfiguration section */

/* Begin XCConfigurationList section */
		57713044223EA92900FB9806 /* Build configuration list for PBXProject "Air Tickets" */ = {
			isa = XCConfigurationList;
			buildConfigurations = (
				5771305D223EA92B00FB9806 /* Debug */,
				5771305E223EA92B00FB9806 /* Release */,
			);
			defaultConfigurationIsVisible = 0;
			defaultConfigurationName = Release;
		};
		5771305F223EA92B00FB9806 /* Build configuration list for PBXNativeTarget "Air Tickets" */ = {
			isa = XCConfigurationList;
			buildConfigurations = (
				57713060223EA92B00FB9806 /* Debug */,
				57713061223EA92B00FB9806 /* Release */,
			);
			defaultConfigurationIsVisible = 0;
			defaultConfigurationName = Release;
		};
/* End XCConfigurationList section */
	};
	rootObject = 57713041223EA92900FB9806 /* Project object */;
}
